{
  "name": "avatar",
  "version": "1.0.0",
  "lockfileVersion": 1,
  "requires": true,
  "dependencies": {
    "avatar-initials": {
      "version": "5.0.0",
      "resolved": "https://registry.npmjs.org/avatar-initials/-/avatar-initials-5.0.0.tgz",
      "integrity": "sha512-4fgzwu70faLzVIAXguRryGjJhfIz9XmXwTQTXUNTg1E+6Pf9dfuhr/1Hvs6mOrw7p0yEGnYKkBjniECxhXSbxw=="
    }
  }
}
